
Microsoft Visual Studio Solution File, Format Version 12.00
# Visual Studio Version 17
VisualStudioVersion = 17.8.34330.188
MinimumVisualStudioVersion = 10.0.40219.1
Project("{FAE04EC0-301F-11D3-BF4B-00C04F79EFBC}") = "web-articulos", "web-articulos\web-articulos.csproj", "{3C336A76-7D42-4151-BFED-13A2030E101A}"
EndProject
Project("{FAE04EC0-301F-11D3-BF4B-00C04F79EFBC}") = "dominio", "dominio\dominio.csproj", "{FEB8B934-4B55-4B1B-A844-12091371ADC0}"
EndProject
Project("{FAE04EC0-301F-11D3-BF4B-00C04F79EFBC}") = "negocio", "negocio\negocio.csproj", "{A11BEA10-8938-45C5-BE2D-A245197949EA}"
EndProject
Global
	GlobalSection(SolutionConfigurationPlatforms) = preSolution
		Debug|Any CPU = Debug|Any CPU
		Release|Any CPU = Release|Any CPU
	EndGlobalSection
	GlobalSection(ProjectConfigurationPlatforms) = postSolution
		{3C336A76-7D42-4151-BFED-13A2030E101A}.Debug|Any CPU.ActiveCfg = Debug|Any CPU
		{3C336A76-7D42-4151-BFED-13A2030E101A}.Debug|Any CPU.Build.0 = Debug|Any CPU
		{3C336A76-7D42-4151-BFED-13A2030E101A}.Release|Any CPU.ActiveCfg = Release|Any CPU
		{3C336A76-7D42-4151-BFED-13A2030E101A}.Release|Any CPU.Build.0 = Release|Any CPU
		{FEB8B934-4B55-4B1B-A844-12091371ADC0}.Debug|Any CPU.ActiveCfg = Debug|Any CPU
		{FEB8B934-4B55-4B1B-A844-12091371ADC0}.Debug|Any CPU.Build.0 = Debug|Any CPU
		{FEB8B934-4B55-4B1B-A844-12091371ADC0}.Release|Any CPU.ActiveCfg = Release|Any CPU
		{FEB8B934-4B55-4B1B-A844-12091371ADC0}.Release|Any CPU.Build.0 = Release|Any CPU
		{A11BEA10-8938-45C5-BE2D-A245197949EA}.Debug|Any CPU.ActiveCfg = Debug|Any CPU
		{A11BEA10-8938-45C5-BE2D-A245197949EA}.Debug|Any CPU.Build.0 = Debug|Any CPU
		{A11BEA10-8938-45C5-BE2D-A245197949EA}.Release|Any CPU.ActiveCfg = Release|Any CPU
		{A11BEA10-8938-45C5-BE2D-A245197949EA}.Release|Any CPU.Build.0 = Release|Any CPU
	EndGlobalSection
	GlobalSection(SolutionProperties) = preSolution
		HideSolutionNode = FALSE
	EndGlobalSection
	GlobalSection(ExtensibilityGlobals) = postSolution
		SolutionGuid = {87D0F101-F5D6-4487-8D84-D7B8B40F98B7}
	EndGlobalSection
EndGlobal
